
Microsoft Visual Studio Solution File, Format Version 12.00
# Visual Studio Version 17
VisualStudioVersion = 17.11.35303.130
MinimumVisualStudioVersion = 10.0.40219.1
Project("{FAE04EC0-301F-11D3-BF4B-00C04F79EFBC}") = "TP3_A1", "TP3_A1\TP3_A1.csproj", "{E28388BA-0D7E-4922-8245-BF3040E4C936}"
EndProject
Global
	GlobalSection(SolutionConfigurationPlatforms) = preSolution
		Debug|Any CPU = Debug|Any CPU
		Release|Any CPU = Release|Any CPU
	EndGlobalSection
	GlobalSection(ProjectConfigurationPlatforms) = postSolution
		{E28388BA-0D7E-4922-8245-BF3040E4C936}.Debug|Any CPU.ActiveCfg = Debug|Any CPU
		{E28388BA-0D7E-4922-8245-BF3040E4C936}.Debug|Any CPU.Build.0 = Debug|Any CPU
		{E28388BA-0D7E-4922-8245-BF3040E4C936}.Release|Any CPU.ActiveCfg = Release|Any CPU
		{E28388BA-0D7E-4922-8245-BF3040E4C936}.Release|Any CPU.Build.0 = Release|Any CPU
	EndGlobalSection
	GlobalSection(SolutionProperties) = preSolution
		HideSolutionNode = FALSE
	EndGlobalSection
	GlobalSection(ExtensibilityGlobals) = postSolution
		SolutionGuid = {6F7C063E-AD60-4243-834B-479025973DA2}
	EndGlobalSection
EndGlobal
